
Microsoft Visual Studio Solution File, Format Version 12.00
# Visual Studio Version 17
VisualStudioVersion = 17.5.002.0
MinimumVisualStudioVersion = 10.0.40219.1
Project("{9A19103F-16F7-4668-BE54-9A1E7A4F7556}") = "Wedding Planner", "Wedding Planner.csproj", "{60E2919E-1E27-4B43-83F8-57738E9CE9E6}"
EndProject
Global
	GlobalSection(SolutionConfigurationPlatforms) = preSolution
		Debug|Any CPU = Debug|Any CPU
		Release|Any CPU = Release|Any CPU
	EndGlobalSection
	GlobalSection(ProjectConfigurationPlatforms) = postSolution
		{60E2919E-1E27-4B43-83F8-57738E9CE9E6}.Debug|Any CPU.ActiveCfg = Debug|Any CPU
		{60E2919E-1E27-4B43-83F8-57738E9CE9E6}.Debug|Any CPU.Build.0 = Debug|Any CPU
		{60E2919E-1E27-4B43-83F8-57738E9CE9E6}.Release|Any CPU.ActiveCfg = Release|Any CPU
		{60E2919E-1E27-4B43-83F8-57738E9CE9E6}.Release|Any CPU.Build.0 = Release|Any CPU
	EndGlobalSection
	GlobalSection(SolutionProperties) = preSolution
		HideSolutionNode = FALSE
	EndGlobalSection
	GlobalSection(ExtensibilityGlobals) = postSolution
		SolutionGuid = {73DACF67-4FE7-4FFB-86FA-BC4D7D8E0D66}
	EndGlobalSection
EndGlobal
